
Microsoft Visual Studio Solution File, Format Version 12.00
# Visual Studio Version 17
VisualStudioVersion = 17.0.32112.339
MinimumVisualStudioVersion = 10.0.40219.1
Project("{9A19103F-16F7-4668-BE54-9A1E7A4F7556}") = "eshop webapi", "eshop webapi\eshop webapi.csproj", "{24F134B1-AECE-4DCF-8193-8CAB9CA8AAD1}"
EndProject
Project("{9A19103F-16F7-4668-BE54-9A1E7A4F7556}") = "EShopApi.Test", "EShopApi.Test\EShopApi.Test.csproj", "{AC840C4B-FE4E-4684-9A90-EE97ACBC3809}"
EndProject
Project("{9A19103F-16F7-4668-BE54-9A1E7A4F7556}") = "WebClient", "WebClient\WebClient.csproj", "{4EBC1FA3-A0B9-40D5-BAAE-9F1FDA12EC7C}"
EndProject
Project("{9A19103F-16F7-4668-BE54-9A1E7A4F7556}") = "PolymorphismConsole", "Polymorphism\PolymorphismConsole.csproj", "{4A4ECE9A-B782-4F63-8611-8F3F5C84DA4D}"
EndProject
Project("{2150E333-8FDC-42A3-9474-1A3956D46DE8}") = "eshop", "eshop", "{621ABA4C-EDD2-4826-9E33-04343A2ED62B}"
EndProject
Project("{2150E333-8FDC-42A3-9474-1A3956D46DE8}") = "Polymorphism", "Polymorphism", "{0B79D59E-A32F-4E46-A6C4-3E392FDE9E0D}"
EndProject
Project("{9A19103F-16F7-4668-BE54-9A1E7A4F7556}") = "PolymorphismTests", "PolymorphismTests\PolymorphismTests.csproj", "{8F2078C5-4B93-48BC-81E0-DA4AFEF46402}"
EndProject
Project("{2150E333-8FDC-42A3-9474-1A3956D46DE8}") = "unittestCrud", "unittestCrud", "{B2E15F0F-2D31-49BE-BD2D-D7B3ABC20799}"
EndProject
Project("{9A19103F-16F7-4668-BE54-9A1E7A4F7556}") = "WebRepository", "WebApplicationExample\WebRepository.csproj", "{946F8F94-09BC-4012-913F-0789802B595D}"
EndProject
Project("{9A19103F-16F7-4668-BE54-9A1E7A4F7556}") = "WebRepository.Tests", "WebRepository.Tests\WebRepository.Tests.csproj", "{BE2A02BC-12E5-4ADC-92E1-BBDF02AB65BF}"
EndProject
Project("{2150E333-8FDC-42A3-9474-1A3956D46DE8}") = "test", "test", "{E833E00B-4590-4CE4-8561-A361FB6F9003}"
EndProject
Project("{9A19103F-16F7-4668-BE54-9A1E7A4F7556}") = "TestWebApplication", "TestWebApplication\TestWebApplication.csproj", "{8F708988-E7E6-4920-A8C0-D48E182661BC}"
EndProject
Project("{2150E333-8FDC-42A3-9474-1A3956D46DE8}") = "RepositoryPattern", "RepositoryPattern", "{37E43A26-63EE-4240-81FE-4C7851F9704D}"
EndProject
Project("{9A19103F-16F7-4668-BE54-9A1E7A4F7556}") = "ProjectRepositoryPattern_MyTestSite", "MyTestSite\ProjectRepositoryPattern_MyTestSite.csproj", "{15A7CE12-F417-4C86-89AC-F9B429D26A26}"
EndProject
Project("{9A19103F-16F7-4668-BE54-9A1E7A4F7556}") = "ProjectRepositoryPattern_DataLayer", "DataLayer\ProjectRepositoryPattern_DataLayer.csproj", "{16CCCCC4-3F3F-40FC-918E-ADEE75278E12}"
EndProject
Project("{FAE04EC0-301F-11D3-BF4B-00C04F79EFBC}") = "ProjectRepositoryPattern_ModelClass", "ModelClass\ProjectRepositoryPattern_ModelClass.csproj", "{A82AEFED-AB87-4D69-9146-6492B761B7F0}"
EndProject
Global
	GlobalSection(SolutionConfigurationPlatforms) = preSolution
		Debug|Any CPU = Debug|Any CPU
		Release|Any CPU = Release|Any CPU
	EndGlobalSection
	GlobalSection(ProjectConfigurationPlatforms) = postSolution
		{24F134B1-AECE-4DCF-8193-8CAB9CA8AAD1}.Debug|Any CPU.ActiveCfg = Debug|Any CPU
		{24F134B1-AECE-4DCF-8193-8CAB9CA8AAD1}.Debug|Any CPU.Build.0 = Debug|Any CPU
		{24F134B1-AECE-4DCF-8193-8CAB9CA8AAD1}.Release|Any CPU.ActiveCfg = Release|Any CPU
		{24F134B1-AECE-4DCF-8193-8CAB9CA8AAD1}.Release|Any CPU.Build.0 = Release|Any CPU
		{AC840C4B-FE4E-4684-9A90-EE97ACBC3809}.Debug|Any CPU.ActiveCfg = Debug|Any CPU
		{AC840C4B-FE4E-4684-9A90-EE97ACBC3809}.Debug|Any CPU.Build.0 = Debug|Any CPU
		{AC840C4B-FE4E-4684-9A90-EE97ACBC3809}.Release|Any CPU.ActiveCfg = Release|Any CPU
		{AC840C4B-FE4E-4684-9A90-EE97ACBC3809}.Release|Any CPU.Build.0 = Release|Any CPU
		{4EBC1FA3-A0B9-40D5-BAAE-9F1FDA12EC7C}.Debug|Any CPU.ActiveCfg = Debug|Any CPU
		{4EBC1FA3-A0B9-40D5-BAAE-9F1FDA12EC7C}.Debug|Any CPU.Build.0 = Debug|Any CPU
		{4EBC1FA3-A0B9-40D5-BAAE-9F1FDA12EC7C}.Release|Any CPU.ActiveCfg = Release|Any CPU
		{4EBC1FA3-A0B9-40D5-BAAE-9F1FDA12EC7C}.Release|Any CPU.Build.0 = Release|Any CPU
		{4A4ECE9A-B782-4F63-8611-8F3F5C84DA4D}.Debug|Any CPU.ActiveCfg = Debug|Any CPU
		{4A4ECE9A-B782-4F63-8611-8F3F5C84DA4D}.Debug|Any CPU.Build.0 = Debug|Any CPU
		{4A4ECE9A-B782-4F63-8611-8F3F5C84DA4D}.Release|Any CPU.ActiveCfg = Release|Any CPU
		{4A4ECE9A-B782-4F63-8611-8F3F5C84DA4D}.Release|Any CPU.Build.0 = Release|Any CPU
		{8F2078C5-4B93-48BC-81E0-DA4AFEF46402}.Debug|Any CPU.ActiveCfg = Debug|Any CPU
		{8F2078C5-4B93-48BC-81E0-DA4AFEF46402}.Debug|Any CPU.Build.0 = Debug|Any CPU
		{8F2078C5-4B93-48BC-81E0-DA4AFEF46402}.Release|Any CPU.ActiveCfg = Release|Any CPU
		{8F2078C5-4B93-48BC-81E0-DA4AFEF46402}.Release|Any CPU.Build.0 = Release|Any CPU
		{946F8F94-09BC-4012-913F-0789802B595D}.Debug|Any CPU.ActiveCfg = Debug|Any CPU
		{946F8F94-09BC-4012-913F-0789802B595D}.Debug|Any CPU.Build.0 = Debug|Any CPU
		{946F8F94-09BC-4012-913F-0789802B595D}.Release|Any CPU.ActiveCfg = Release|Any CPU
		{946F8F94-09BC-4012-913F-0789802B595D}.Release|Any CPU.Build.0 = Release|Any CPU
		{BE2A02BC-12E5-4ADC-92E1-BBDF02AB65BF}.Debug|Any CPU.ActiveCfg = Debug|Any CPU
		{BE2A02BC-12E5-4ADC-92E1-BBDF02AB65BF}.Debug|Any CPU.Build.0 = Debug|Any CPU
		{BE2A02BC-12E5-4ADC-92E1-BBDF02AB65BF}.Release|Any CPU.ActiveCfg = Release|Any CPU
		{BE2A02BC-12E5-4ADC-92E1-BBDF02AB65BF}.Release|Any CPU.Build.0 = Release|Any CPU
		{8F708988-E7E6-4920-A8C0-D48E182661BC}.Debug|Any CPU.ActiveCfg = Debug|Any CPU
		{8F708988-E7E6-4920-A8C0-D48E182661BC}.Debug|Any CPU.Build.0 = Debug|Any CPU
		{8F708988-E7E6-4920-A8C0-D48E182661BC}.Release|Any CPU.ActiveCfg = Release|Any CPU
		{8F708988-E7E6-4920-A8C0-D48E182661BC}.Release|Any CPU.Build.0 = Release|Any CPU
		{15A7CE12-F417-4C86-89AC-F9B429D26A26}.Debug|Any CPU.ActiveCfg = Debug|Any CPU
		{15A7CE12-F417-4C86-89AC-F9B429D26A26}.Debug|Any CPU.Build.0 = Debug|Any CPU
		{15A7CE12-F417-4C86-89AC-F9B429D26A26}.Release|Any CPU.ActiveCfg = Release|Any CPU
		{15A7CE12-F417-4C86-89AC-F9B429D26A26}.Release|Any CPU.Build.0 = Release|Any CPU
		{16CCCCC4-3F3F-40FC-918E-ADEE75278E12}.Debug|Any CPU.ActiveCfg = Debug|Any CPU
		{16CCCCC4-3F3F-40FC-918E-ADEE75278E12}.Debug|Any CPU.Build.0 = Debug|Any CPU
		{16CCCCC4-3F3F-40FC-918E-ADEE75278E12}.Release|Any CPU.ActiveCfg = Release|Any CPU
		{16CCCCC4-3F3F-40FC-918E-ADEE75278E12}.Release|Any CPU.Build.0 = Release|Any CPU
		{A82AEFED-AB87-4D69-9146-6492B761B7F0}.Debug|Any CPU.ActiveCfg = Debug|Any CPU
		{A82AEFED-AB87-4D69-9146-6492B761B7F0}.Debug|Any CPU.Build.0 = Debug|Any CPU
		{A82AEFED-AB87-4D69-9146-6492B761B7F0}.Release|Any CPU.ActiveCfg = Release|Any CPU
		{A82AEFED-AB87-4D69-9146-6492B761B7F0}.Release|Any CPU.Build.0 = Release|Any CPU
	EndGlobalSection
	GlobalSection(SolutionProperties) = preSolution
		HideSolutionNode = FALSE
	EndGlobalSection
	GlobalSection(NestedProjects) = preSolution
		{24F134B1-AECE-4DCF-8193-8CAB9CA8AAD1} = {621ABA4C-EDD2-4826-9E33-04343A2ED62B}
		{AC840C4B-FE4E-4684-9A90-EE97ACBC3809} = {621ABA4C-EDD2-4826-9E33-04343A2ED62B}
		{4EBC1FA3-A0B9-40D5-BAAE-9F1FDA12EC7C} = {621ABA4C-EDD2-4826-9E33-04343A2ED62B}
		{4A4ECE9A-B782-4F63-8611-8F3F5C84DA4D} = {0B79D59E-A32F-4E46-A6C4-3E392FDE9E0D}
		{8F2078C5-4B93-48BC-81E0-DA4AFEF46402} = {0B79D59E-A32F-4E46-A6C4-3E392FDE9E0D}
		{946F8F94-09BC-4012-913F-0789802B595D} = {B2E15F0F-2D31-49BE-BD2D-D7B3ABC20799}
		{BE2A02BC-12E5-4ADC-92E1-BBDF02AB65BF} = {B2E15F0F-2D31-49BE-BD2D-D7B3ABC20799}
		{8F708988-E7E6-4920-A8C0-D48E182661BC} = {E833E00B-4590-4CE4-8561-A361FB6F9003}
		{15A7CE12-F417-4C86-89AC-F9B429D26A26} = {37E43A26-63EE-4240-81FE-4C7851F9704D}
		{16CCCCC4-3F3F-40FC-918E-ADEE75278E12} = {37E43A26-63EE-4240-81FE-4C7851F9704D}
		{A82AEFED-AB87-4D69-9146-6492B761B7F0} = {37E43A26-63EE-4240-81FE-4C7851F9704D}
	EndGlobalSection
	GlobalSection(ExtensibilityGlobals) = postSolution
		SolutionGuid = {6DF5A50E-748D-4DFE-8092-89FA7470BA79}
	EndGlobalSection
EndGlobal
