
Microsoft Visual Studio Solution File, Format Version 12.00
# Visual Studio Version 17
VisualStudioVersion = 17.0.32112.339
MinimumVisualStudioVersion = 10.0.40219.1
Project("{FAE04EC0-301F-11D3-BF4B-00C04F79EFBC}") = "custom Authentication scheme", "custom Authentication scheme\custom Authentication scheme.csproj", "{CBEDFB65-FC71-44CF-938B-6BBC6A05A4FD}"
EndProject
Global
	GlobalSection(SolutionConfigurationPlatforms) = preSolution
		Debug|Any CPU = Debug|Any CPU
		Release|Any CPU = Release|Any CPU
	EndGlobalSection
	GlobalSection(ProjectConfigurationPlatforms) = postSolution
		{CBEDFB65-FC71-44CF-938B-6BBC6A05A4FD}.Debug|Any CPU.ActiveCfg = Debug|Any CPU
		{CBEDFB65-FC71-44CF-938B-6BBC6A05A4FD}.Debug|Any CPU.Build.0 = Debug|Any CPU
		{CBEDFB65-FC71-44CF-938B-6BBC6A05A4FD}.Release|Any CPU.ActiveCfg = Release|Any CPU
		{CBEDFB65-FC71-44CF-938B-6BBC6A05A4FD}.Release|Any CPU.Build.0 = Release|Any CPU
	EndGlobalSection
	GlobalSection(SolutionProperties) = preSolution
		HideSolutionNode = FALSE
	EndGlobalSection
	GlobalSection(ExtensibilityGlobals) = postSolution
		SolutionGuid = {4CD3A4CF-4026-46F5-A3D2-6656CC461753}
	EndGlobalSection
EndGlobal
